
Microsoft Visual Studio Solution File, Format Version 12.00
# Visual Studio Version 16
VisualStudioVersion = 16.0.32228.343
MinimumVisualStudioVersion = 10.0.40219.1
Project("{FAE04EC0-301F-11D3-BF4B-00C04F79EFBC}") = "ExperimentWithControls", "ExperimentWithControls\ExperimentWithControls.csproj", "{A1D7C984-3CE4-4DB0-B034-B7102E04D45E}"
EndProject
Global
	GlobalSection(SolutionConfigurationPlatforms) = preSolution
		Debug|Any CPU = Debug|Any CPU
		Release|Any CPU = Release|Any CPU
	EndGlobalSection
	GlobalSection(ProjectConfigurationPlatforms) = postSolution
		{A1D7C984-3CE4-4DB0-B034-B7102E04D45E}.Debug|Any CPU.ActiveCfg = Debug|Any CPU
		{A1D7C984-3CE4-4DB0-B034-B7102E04D45E}.Debug|Any CPU.Build.0 = Debug|Any CPU
		{A1D7C984-3CE4-4DB0-B034-B7102E04D45E}.Release|Any CPU.ActiveCfg = Release|Any CPU
		{A1D7C984-3CE4-4DB0-B034-B7102E04D45E}.Release|Any CPU.Build.0 = Release|Any CPU
	EndGlobalSection
	GlobalSection(SolutionProperties) = preSolution
		HideSolutionNode = FALSE
	EndGlobalSection
	GlobalSection(ExtensibilityGlobals) = postSolution
		SolutionGuid = {5D1027C1-1DBB-4755-823B-7D06B00B2A4C}
	EndGlobalSection
EndGlobal
